// !$*UTF8*$!
{
	archiveVersion = 1;
	classes = {
	};
	objectVersion = 48;
	objects = {

/* Begin PBXBuildFile section */
		585F038A1FB50AB1003F6D09 /* Extension.swift in Sources */ = {isa = PBXBuildFile; fileRef = 585F03891FB50AB1003F6D09 /* Extension.swift */; };
		586ECD6E1FB116DC00BBFE89 /* main.swift in Sources */ = {isa = PBXBuildFile; fileRef = 586ECD6D1FB116DC00BBFE89 /* main.swift */; };
		586ECD751FB118F500BBFE89 /* ThisApplication.swift in Sources */ = {isa = PBXBuildFile; fileRef = 586ECD741FB118F500BBFE89 /* ThisApplication.swift */; };
		586ECD7A1FB11B4A00BBFE89 /* GameModel.swift in Sources */ = {isa = PBXBuildFile; fileRef = 586ECD791FB11B4A00BBFE89 /* GameModel.swift */; };
		586ECD7C1FB11F7500BBFE89 /* UserModel.swift in Sources */ = {isa = PBXBuildFile; fileRef = 586ECD7B1FB11F7500BBFE89 /* UserModel.swift */; };
		586ECD7E1FB11F7900BBFE89 /* OpeningModel.swift in Sources */ = {isa = PBXBuildFile; fileRef = 586ECD7D1FB11F7900BBFE89 /* OpeningModel.swift */; };
		58F213F11FB23FF20087682A /* CoreDataManager.swift in Sources */ = {isa = PBXBuildFile; fileRef = 58F213F01FB23FF20087682A /* CoreDataManager.swift */; };
		58FCB1281FB3A42B006D923B /* GameDomainModel.xcdatamodeld in Sources */ = {isa = PBXBuildFile; fileRef = 58FCB1261FB3A42B006D923B /* GameDomainModel.xcdatamodeld */; };
/* End PBXBuildFile section */

/* Begin PBXCopyFilesBuildPhase section */
		586ECD681FB116DC00BBFE89 /* CopyFiles */ = {
			isa = PBXCopyFilesBuildPhase;
			buildActionMask = 2147483647;
			dstPath = /usr/share/man/man1/;
			dstSubfolderSpec = 0;
			files = (
			);
			runOnlyForDeploymentPostprocessing = 1;
		};
/* End PBXCopyFilesBuildPhase section */

/* Begin PBXFileReference section */
		585F03891FB50AB1003F6D09 /* Extension.swift */ = {isa = PBXFileReference; lastKnownFileType = sourcecode.swift; path = Extension.swift; sourceTree = "<group>"; };
		586ECD6A1FB116DC00BBFE89 /* LichessDataLoader */ = {isa = PBXFileReference; explicitFileType = "compiled.mach-o.executable"; includeInIndex = 0; path = LichessDataLoader; sourceTree = BUILT_PRODUCTS_DIR; };
		586ECD6D1FB116DC00BBFE89 /* main.swift */ = {isa = PBXFileReference; lastKnownFileType = sourcecode.swift; path = main.swift; sourceTree = "<group>"; };
		586ECD741FB118F500BBFE89 /* ThisApplication.swift */ = {isa = PBXFileReference; lastKnownFileType = sourcecode.swift; path = ThisApplication.swift; sourceTree = "<group>"; };
		586ECD791FB11B4A00BBFE89 /* GameModel.swift */ = {isa = PBXFileReference; fileEncoding = 4; lastKnownFileType = sourcecode.swift; path = GameModel.swift; sourceTree = "<group>"; };
		586ECD7B1FB11F7500BBFE89 /* UserModel.swift */ = {isa = PBXFileReference; fileEncoding = 4; lastKnownFileType = sourcecode.swift; path = UserModel.swift; sourceTree = "<group>"; };
		586ECD7D1FB11F7900BBFE89 /* OpeningModel.swift */ = {isa = PBXFileReference; fileEncoding = 4; lastKnownFileType = sourcecode.swift; path = OpeningModel.swift; sourceTree = "<group>"; };
		58F213F01FB23FF20087682A /* CoreDataManager.swift */ = {isa = PBXFileReference; lastKnownFileType = sourcecode.swift; path = CoreDataManager.swift; sourceTree = "<group>"; };
		58FCB1271FB3A42B006D923B /* GameDomainModel.xcdatamodel */ = {isa = PBXFileReference; lastKnownFileType = wrapper.xcdatamodel; path = GameDomainModel.xcdatamodel; sourceTree = "<group>"; };
/* End PBXFileReference section */

/* Begin PBXFrameworksBuildPhase section */
		586ECD671FB116DC00BBFE89 /* Frameworks */ = {
			isa = PBXFrameworksBuildPhase;
			buildActionMask = 2147483647;
			files = (
			);
			runOnlyForDeploymentPostprocessing = 0;
		};
/* End PBXFrameworksBuildPhase section */

/* Begin PBXGroup section */
		585F03881FB50A9E003F6D09 /* Extension */ = {
			isa = PBXGroup;
			children = (
				585F03891FB50AB1003F6D09 /* Extension.swift */,
			);
			path = Extension;
			sourceTree = "<group>";
		};
		586ECD611FB116DC00BBFE89 = {
			isa = PBXGroup;
			children = (
				586ECD6C1FB116DC00BBFE89 /* LichessDataLoader */,
				586ECD6B1FB116DC00BBFE89 /* Products */,
			);
			sourceTree = "<group>";
		};
		586ECD6B1FB116DC00BBFE89 /* Products */ = {
			isa = PBXGroup;
			children = (
				586ECD6A1FB116DC00BBFE89 /* LichessDataLoader */,
			);
			name = Products;
			sourceTree = "<group>";
		};
		586ECD6C1FB116DC00BBFE89 /* LichessDataLoader */ = {
			isa = PBXGroup;
			children = (
				585F03881FB50A9E003F6D09 /* Extension */,
				586ECD761FB119D000BBFE89 /* CodableDomain */,
				58F213F51FB2440A0087682A /* CoreDataDomain */,
				586ECD6D1FB116DC00BBFE89 /* main.swift */,
				586ECD741FB118F500BBFE89 /* ThisApplication.swift */,
				58F213F01FB23FF20087682A /* CoreDataManager.swift */,
			);
			path = LichessDataLoader;
			sourceTree = "<group>";
		};
		586ECD761FB119D000BBFE89 /* CodableDomain */ = {
			isa = PBXGroup;
			children = (
				586ECD7D1FB11F7900BBFE89 /* OpeningModel.swift */,
				586ECD7B1FB11F7500BBFE89 /* UserModel.swift */,
				586ECD791FB11B4A00BBFE89 /* GameModel.swift */,
			);
			path = CodableDomain;
			sourceTree = "<group>";
		};
		58F213F51FB2440A0087682A /* CoreDataDomain */ = {
			isa = PBXGroup;
			children = (
				58FCB1261FB3A42B006D923B /* GameDomainModel.xcdatamodeld */,
			);
			path = CoreDataDomain;
			sourceTree = "<group>";
		};
/* End PBXGroup section */

/* Begin PBXNativeTarget section */
		586ECD691FB116DC00BBFE89 /* LichessDataLoader */ = {
			isa = PBXNativeTarget;
			buildConfigurationList = 586ECD711FB116DC00BBFE89 /* Build configuration list for PBXNativeTarget "LichessDataLoader" */;
			buildPhases = (
				586ECD661FB116DC00BBFE89 /* Sources */,
				586ECD671FB116DC00BBFE89 /* Frameworks */,
				586ECD681FB116DC00BBFE89 /* CopyFiles */,
			);
			buildRules = (
			);
			dependencies = (
			);
			name = LichessDataLoader;
			productName = LichessDataLoader;
			productReference = 586ECD6A1FB116DC00BBFE89 /* LichessDataLoader */;
			productType = "com.apple.product-type.tool";
		};
/* End PBXNativeTarget section */

/* Begin PBXProject section */
		586ECD621FB116DC00BBFE89 /* Project object */ = {
			isa = PBXProject;
			attributes = {
				LastSwiftUpdateCheck = 0910;
				LastUpgradeCheck = 0910;
				ORGANIZATIONNAME = "Gennady Oleynik";
				TargetAttributes = {
					586ECD691FB116DC00BBFE89 = {
						CreatedOnToolsVersion = 9.1;
						ProvisioningStyle = Automatic;
					};
				};
			};
			buildConfigurationList = 586ECD651FB116DC00BBFE89 /* Build configuration list for PBXProject "LichessDataLoader" */;
			compatibilityVersion = "Xcode 8.0";
			developmentRegion = en;
			hasScannedForEncodings = 0;
			knownRegions = (
				en,
			);
			mainGroup = 586ECD611FB116DC00BBFE89;
			productRefGroup = 586ECD6B1FB116DC00BBFE89 /* Products */;
			projectDirPath = "";
			projectRoot = "";
			targets = (
				586ECD691FB116DC00BBFE89 /* LichessDataLoader */,
			);
		};
/* End PBXProject section */

/* Begin PBXSourcesBuildPhase section */
		586ECD661FB116DC00BBFE89 /* Sources */ = {
			isa = PBXSourcesBuildPhase;
			buildActionMask = 2147483647;
			files = (
				58F213F11FB23FF20087682A /* CoreDataManager.swift in Sources */,
				586ECD751FB118F500BBFE89 /* ThisApplication.swift in Sources */,
				586ECD7A1FB11B4A00BBFE89 /* GameModel.swift in Sources */,
				586ECD7E1FB11F7900BBFE89 /* OpeningModel.swift in Sources */,
				586ECD7C1FB11F7500BBFE89 /* UserModel.swift in Sources */,
				58FCB1281FB3A42B006D923B /* GameDomainModel.xcdatamodeld in Sources */,
				586ECD6E1FB116DC00BBFE89 /* main.swift in Sources */,
				585F038A1FB50AB1003F6D09 /* Extension.swift in Sources */,
			);
			runOnlyForDeploymentPostprocessing = 0;
		};
/* End PBXSourcesBuildPhase section */

/* Begin XCBuildConfiguration section */
		586ECD6F1FB116DC00BBFE89 /* Debug */ = {
			isa = XCBuildConfiguration;
			buildSettings = {
				ALWAYS_SEARCH_USER_PATHS = NO;
				CLANG_ANALYZER_NONNULL = YES;
				CLANG_ANALYZER_NUMBER_OBJECT_CONVERSION = YES_AGGRESSIVE;
				CLANG_CXX_LANGUAGE_STANDARD = "gnu++14";
				CLANG_CXX_LIBRARY = "libc++";
				CLANG_ENABLE_MODULES = YES;
				CLANG_ENABLE_OBJC_ARC = YES;
				CLANG_WARN_BLOCK_CAPTURE_AUTORELEASING = YES;
				CLANG_WARN_BOOL_CONVERSION = YES;
				CLANG_WARN_COMMA = YES;
				CLANG_WARN_CONSTANT_CONVERSION = YES;
				CLANG_WARN_DIRECT_OBJC_ISA_USAGE = YES_ERROR;
				CLANG_WARN_DOCUMENTATION_COMMENTS = YES;
				CLANG_WARN_EMPTY_BODY = YES;
				CLANG_WARN_ENUM_CONVERSION = YES;
				CLANG_WARN_INFINITE_RECURSION = YES;
				CLANG_WARN_INT_CONVERSION = YES;
				CLANG_WARN_NON_LITERAL_NULL_CONVERSION = YES;
				CLANG_WARN_OBJC_LITERAL_CONVERSION = YES;
				CLANG_WARN_OBJC_ROOT_CLASS = YES_ERROR;
				CLANG_WARN_RANGE_LOOP_ANALYSIS = YES;
				CLANG_WARN_STRICT_PROTOTYPES = YES;
				CLANG_WARN_SUSPICIOUS_MOVE = YES;
				CLANG_WARN_UNGUARDED_AVAILABILITY = YES_AGGRESSIVE;
				CLANG_WARN_UNREACHABLE_CODE = YES;
				CLANG_WARN__DUPLICATE_METHOD_MATCH = YES;
				CODE_SIGN_IDENTITY = "-";
				COPY_PHASE_STRIP = NO;
				DEBUG_INFORMATION_FORMAT = dwarf;
				ENABLE_STRICT_OBJC_MSGSEND = YES;
				ENABLE_TESTABILITY = YES;
				GCC_C_LANGUAGE_STANDARD = gnu11;
				GCC_DYNAMIC_NO_PIC = NO;
				GCC_NO_COMMON_BLOCKS = YES;
				GCC_OPTIMIZATION_LEVEL = 0;
				GCC_PREPROCESSOR_DEFINITIONS = (
					"DEBUG=1",
					"$(inherited)",
				);
				GCC_WARN_64_TO_32_BIT_CONVERSION = YES;
				GCC_WARN_ABOUT_RETURN_TYPE = YES_ERROR;
				GCC_WARN_UNDECLARED_SELECTOR = YES;
				GCC_WARN_UNINITIALIZED_AUTOS = YES_AGGRESSIVE;
				GCC_WARN_UNUSED_FUNCTION = YES;
				GCC_WARN_UNUSED_VARIABLE = YES;
				MACOSX_DEPLOYMENT_TARGET = 10.12;
				MTL_ENABLE_DEBUG_INFO = YES;
				ONLY_ACTIVE_ARCH = YES;
				SDKROOT = macosx;
				SWIFT_ACTIVE_COMPILATION_CONDITIONS = DEBUG;
				SWIFT_OPTIMIZATION_LEVEL = "-Onone";
			};
			name = Debug;
		};
		586ECD701FB116DC00BBFE89 /* Release */ = {
			isa = XCBuildConfiguration;
			buildSettings = {
				ALWAYS_SEARCH_USER_PATHS = NO;
				CLANG_ANALYZER_NONNULL = YES;
				CLANG_ANALYZER_NUMBER_OBJECT_CONVERSION = YES_AGGRESSIVE;
				CLANG_CXX_LANGUAGE_STANDARD = "gnu++14";
				CLANG_CXX_LIBRARY = "libc++";
				CLANG_ENABLE_MODULES = YES;
				CLANG_ENABLE_OBJC_ARC = YES;
				CLANG_WARN_BLOCK_CAPTURE_AUTORELEASING = YES;
				CLANG_WARN_BOOL_CONVERSION = YES;
				CLANG_WARN_COMMA = YES;
				CLANG_WARN_CONSTANT_CONVERSION = YES;
				CLANG_WARN_DIRECT_OBJC_ISA_USAGE = YES_ERROR;
				CLANG_WARN_DOCUMENTATION_COMMENTS = YES;
				CLANG_WARN_EMPTY_BODY = YES;
				CLANG_WARN_ENUM_CONVERSION = YES;
				CLANG_WARN_INFINITE_RECURSION = YES;
				CLANG_WARN_INT_CONVERSION = YES;
				CLANG_WARN_NON_LITERAL_NULL_CONVERSION = YES;
				CLANG_WARN_OBJC_LITERAL_CONVERSION = YES;
				CLANG_WARN_OBJC_ROOT_CLASS = YES_ERROR;
				CLANG_WARN_RANGE_LOOP_ANALYSIS = YES;
				CLANG_WARN_STRICT_PROTOTYPES = YES;
				CLANG_WARN_SUSPICIOUS_MOVE = YES;
				CLANG_WARN_UNGUARDED_AVAILABILITY = YES_AGGRESSIVE;
				CLANG_WARN_UNREACHABLE_CODE = YES;
				CLANG_WARN__DUPLICATE_METHOD_MATCH = YES;
				CODE_SIGN_IDENTITY = "-";
				COPY_PHASE_STRIP = NO;
				DEBUG_INFORMATION_FORMAT = "dwarf-with-dsym";
				ENABLE_NS_ASSERTIONS = NO;
				ENABLE_STRICT_OBJC_MSGSEND = YES;
				GCC_C_LANGUAGE_STANDARD = gnu11;
				GCC_NO_COMMON_BLOCKS = YES;
				GCC_WARN_64_TO_32_BIT_CONVERSION = YES;
				GCC_WARN_ABOUT_RETURN_TYPE = YES_ERROR;
				GCC_WARN_UNDECLARED_SELECTOR = YES;
				GCC_WARN_UNINITIALIZED_AUTOS = YES_AGGRESSIVE;
				GCC_WARN_UNUSED_FUNCTION = YES;
				GCC_WARN_UNUSED_VARIABLE = YES;
				MACOSX_DEPLOYMENT_TARGET = 10.12;
				MTL_ENABLE_DEBUG_INFO = NO;
				SDKROOT = macosx;
				SWIFT_OPTIMIZATION_LEVEL = "-Owholemodule";
			};
			name = Release;
		};
		586ECD721FB116DC00BBFE89 /* Debug */ = {
			isa = XCBuildConfiguration;
			buildSettings = {
				CODE_SIGN_STYLE = Automatic;
				PRODUCT_NAME = "$(TARGET_NAME)";
				SWIFT_VERSION = 4.0;
			};
			name = Debug;
		};
		586ECD731FB116DC00BBFE89 /* Release */ = {
			isa = XCBuildConfiguration;
			buildSettings = {
				CODE_SIGN_STYLE = Automatic;
				PRODUCT_NAME = "$(TARGET_NAME)";
				SWIFT_VERSION = 4.0;
			};
			name = Release;
		};
/* End XCBuildConfiguration section */

/* Begin XCConfigurationList section */
		586ECD651FB116DC00BBFE89 /* Build configuration list for PBXProject "LichessDataLoader" */ = {
			isa = XCConfigurationList;
			buildConfigurations = (
				586ECD6F1FB116DC00BBFE89 /* Debug */,
				586ECD701FB116DC00BBFE89 /* Release */,
			);
			defaultConfigurationIsVisible = 0;
			defaultConfigurationName = Release;
		};
		586ECD711FB116DC00BBFE89 /* Build configuration list for PBXNativeTarget "LichessDataLoader" */ = {
			isa = XCConfigurationList;
			buildConfigurations = (
				586ECD721FB116DC00BBFE89 /* Debug */,
				586ECD731FB116DC00BBFE89 /* Release */,
			);
			defaultConfigurationIsVisible = 0;
			defaultConfigurationName = Release;
		};
/* End XCConfigurationList section */

/* Begin XCVersionGroup section */
		58FCB1261FB3A42B006D923B /* GameDomainModel.xcdatamodeld */ = {
			isa = XCVersionGroup;
			children = (
				58FCB1271FB3A42B006D923B /* GameDomainModel.xcdatamodel */,
			);
			currentVersion = 58FCB1271FB3A42B006D923B /* GameDomainModel.xcdatamodel */;
			path = GameDomainModel.xcdatamodeld;
			sourceTree = "<group>";
			versionGroupType = wrapper.xcdatamodel;
		};
/* End XCVersionGroup section */
	};
	rootObject = 586ECD621FB116DC00BBFE89 /* Project object */;
}
